
Microsoft Visual Studio Solution File, Format Version 12.00
# Visual Studio Version 16
VisualStudioVersion = 16.0.30717.126
MinimumVisualStudioVersion = 10.0.40219.1
Project("{FAE04EC0-301F-11D3-BF4B-00C04F79EFBC}") = "TesteGeraCashUnitInfo", "TesteGeraCashUnitInfo\TesteGeraCashUnitInfo.csproj", "{72D669ED-8ED7-499B-B510-9733825FFFF1}"
EndProject
Global
	GlobalSection(SolutionConfigurationPlatforms) = preSolution
		Debug|Any CPU = Debug|Any CPU
		Release|Any CPU = Release|Any CPU
	EndGlobalSection
	GlobalSection(ProjectConfigurationPlatforms) = postSolution
		{72D669ED-8ED7-499B-B510-9733825FFFF1}.Debug|Any CPU.ActiveCfg = Debug|Any CPU
		{72D669ED-8ED7-499B-B510-9733825FFFF1}.Debug|Any CPU.Build.0 = Debug|Any CPU
		{72D669ED-8ED7-499B-B510-9733825FFFF1}.Release|Any CPU.ActiveCfg = Release|Any CPU
		{72D669ED-8ED7-499B-B510-9733825FFFF1}.Release|Any CPU.Build.0 = Release|Any CPU
	EndGlobalSection
	GlobalSection(SolutionProperties) = preSolution
		HideSolutionNode = FALSE
	EndGlobalSection
	GlobalSection(ExtensibilityGlobals) = postSolution
		SolutionGuid = {1FC88C98-6A03-4796-8A23-4F45B663A391}
	EndGlobalSection
EndGlobal
